
Microsoft Visual Studio Solution File, Format Version 12.00
# Visual Studio 15
VisualStudioVersion = 15.0.26430.16
MinimumVisualStudioVersion = 10.0.40219.1
Project("{FAE04EC0-301F-11D3-BF4B-00C04F79EFBC}") = "PhotonClientLib", "PhotonClientLib\PhotonClientLib.csproj", "{A53BC92B-C197-4959-BB09-29989C1E4E84}"
EndProject
Project("{FAE04EC0-301F-11D3-BF4B-00C04F79EFBC}") = "PhotonClientLib.TestConsole", "PhotonClientLib.TestConsole\PhotonClientLib.TestConsole.csproj", "{1C45C4C2-1B62-4E35-ABB9-466DC1476C90}"
EndProject
Project("{FAE04EC0-301F-11D3-BF4B-00C04F79EFBC}") = "PhotonGlobalLib", "PhotonGlobalLib\PhotonGlobalLib.csproj", "{D3A68CC5-58E7-4CCC-858A-8588908ECF4B}"
EndProject
Project("{FAE04EC0-301F-11D3-BF4B-00C04F79EFBC}") = "TestClientLib", "TestClientLib\TestClientLib.csproj", "{1FFF8ACA-3327-40D3-8C7F-E22E4CB8CB7A}"
EndProject
Global
	GlobalSection(SolutionConfigurationPlatforms) = preSolution
		Debug|Any CPU = Debug|Any CPU
		Release|Any CPU = Release|Any CPU
	EndGlobalSection
	GlobalSection(ProjectConfigurationPlatforms) = postSolution
		{A53BC92B-C197-4959-BB09-29989C1E4E84}.Debug|Any CPU.ActiveCfg = Debug|Any CPU
		{A53BC92B-C197-4959-BB09-29989C1E4E84}.Debug|Any CPU.Build.0 = Debug|Any CPU
		{A53BC92B-C197-4959-BB09-29989C1E4E84}.Release|Any CPU.ActiveCfg = Release|Any CPU
		{A53BC92B-C197-4959-BB09-29989C1E4E84}.Release|Any CPU.Build.0 = Release|Any CPU
		{1C45C4C2-1B62-4E35-ABB9-466DC1476C90}.Debug|Any CPU.ActiveCfg = Debug|Any CPU
		{1C45C4C2-1B62-4E35-ABB9-466DC1476C90}.Debug|Any CPU.Build.0 = Debug|Any CPU
		{1C45C4C2-1B62-4E35-ABB9-466DC1476C90}.Release|Any CPU.ActiveCfg = Release|Any CPU
		{1C45C4C2-1B62-4E35-ABB9-466DC1476C90}.Release|Any CPU.Build.0 = Release|Any CPU
		{D3A68CC5-58E7-4CCC-858A-8588908ECF4B}.Debug|Any CPU.ActiveCfg = Debug|Any CPU
		{D3A68CC5-58E7-4CCC-858A-8588908ECF4B}.Debug|Any CPU.Build.0 = Debug|Any CPU
		{D3A68CC5-58E7-4CCC-858A-8588908ECF4B}.Release|Any CPU.ActiveCfg = Release|Any CPU
		{D3A68CC5-58E7-4CCC-858A-8588908ECF4B}.Release|Any CPU.Build.0 = Release|Any CPU
		{1FFF8ACA-3327-40D3-8C7F-E22E4CB8CB7A}.Debug|Any CPU.ActiveCfg = Debug|Any CPU
		{1FFF8ACA-3327-40D3-8C7F-E22E4CB8CB7A}.Debug|Any CPU.Build.0 = Debug|Any CPU
		{1FFF8ACA-3327-40D3-8C7F-E22E4CB8CB7A}.Release|Any CPU.ActiveCfg = Release|Any CPU
		{1FFF8ACA-3327-40D3-8C7F-E22E4CB8CB7A}.Release|Any CPU.Build.0 = Release|Any CPU
	EndGlobalSection
	GlobalSection(SolutionProperties) = preSolution
		HideSolutionNode = FALSE
	EndGlobalSection
EndGlobal
